
Microsoft Visual Studio Solution File, Format Version 12.00
# Visual Studio Version 17
VisualStudioVersion = 17.5.33530.505
MinimumVisualStudioVersion = 10.0.40219.1
Project("{2150E333-8FDC-42A3-9474-1A3956D46DE8}") = "1 - Apresentação", "1 - Apresentação", "{5AF6DF47-A750-44EF-AE31-764915C6CF9F}"
EndProject
Project("{2150E333-8FDC-42A3-9474-1A3956D46DE8}") = "2 - Dominio", "2 - Dominio", "{27E2343C-D717-4594-AB22-0E45A4D5BD37}"
EndProject
Project("{2150E333-8FDC-42A3-9474-1A3956D46DE8}") = "3 - Infraesturura", "3 - Infraesturura", "{28B8A07D-675A-466C-88B1-5FD066DFE96E}"
EndProject
Project("{9A19103F-16F7-4668-BE54-9A1E7A4F7556}") = "GerardorDeTestes.WinApp", "GerardorDeTestes.WinApp\GerardorDeTestes.WinApp.csproj", "{047590D9-8661-49BD-803A-78AD07153FB3}"
EndProject
Project("{9A19103F-16F7-4668-BE54-9A1E7A4F7556}") = "GeradorDeTestes.Dominio", "GeradorDeTestes.Dominio\GeradorDeTestes.Dominio.csproj", "{F5837771-98EC-484A-9F88-16E8D805115B}"
EndProject
Project("{9A19103F-16F7-4668-BE54-9A1E7A4F7556}") = "GeradorDeTestes.Infra.Dados.Sql", "GeradorDeTestes.Infra.Dados.Sql\GeradorDeTestes.Infra.Dados.Sql.csproj", "{CC0D2F7C-0342-4868-B336-257BB6B60C4B}"
EndProject
Global
	GlobalSection(SolutionConfigurationPlatforms) = preSolution
		Debug|Any CPU = Debug|Any CPU
		Release|Any CPU = Release|Any CPU
	EndGlobalSection
	GlobalSection(ProjectConfigurationPlatforms) = postSolution
		{047590D9-8661-49BD-803A-78AD07153FB3}.Debug|Any CPU.ActiveCfg = Debug|Any CPU
		{047590D9-8661-49BD-803A-78AD07153FB3}.Debug|Any CPU.Build.0 = Debug|Any CPU
		{047590D9-8661-49BD-803A-78AD07153FB3}.Release|Any CPU.ActiveCfg = Release|Any CPU
		{047590D9-8661-49BD-803A-78AD07153FB3}.Release|Any CPU.Build.0 = Release|Any CPU
		{F5837771-98EC-484A-9F88-16E8D805115B}.Debug|Any CPU.ActiveCfg = Debug|Any CPU
		{F5837771-98EC-484A-9F88-16E8D805115B}.Debug|Any CPU.Build.0 = Debug|Any CPU
		{F5837771-98EC-484A-9F88-16E8D805115B}.Release|Any CPU.ActiveCfg = Release|Any CPU
		{F5837771-98EC-484A-9F88-16E8D805115B}.Release|Any CPU.Build.0 = Release|Any CPU
		{CC0D2F7C-0342-4868-B336-257BB6B60C4B}.Debug|Any CPU.ActiveCfg = Debug|Any CPU
		{CC0D2F7C-0342-4868-B336-257BB6B60C4B}.Debug|Any CPU.Build.0 = Debug|Any CPU
		{CC0D2F7C-0342-4868-B336-257BB6B60C4B}.Release|Any CPU.ActiveCfg = Release|Any CPU
		{CC0D2F7C-0342-4868-B336-257BB6B60C4B}.Release|Any CPU.Build.0 = Release|Any CPU
	EndGlobalSection
	GlobalSection(SolutionProperties) = preSolution
		HideSolutionNode = FALSE
	EndGlobalSection
	GlobalSection(NestedProjects) = preSolution
		{047590D9-8661-49BD-803A-78AD07153FB3} = {5AF6DF47-A750-44EF-AE31-764915C6CF9F}
		{F5837771-98EC-484A-9F88-16E8D805115B} = {27E2343C-D717-4594-AB22-0E45A4D5BD37}
		{CC0D2F7C-0342-4868-B336-257BB6B60C4B} = {28B8A07D-675A-466C-88B1-5FD066DFE96E}
	EndGlobalSection
	GlobalSection(ExtensibilityGlobals) = postSolution
		SolutionGuid = {DE078B15-1DEB-4F55-90D8-F31EE3AF199A}
	EndGlobalSection
EndGlobal
